
Microsoft Visual Studio Solution File, Format Version 12.00
# Visual Studio Version 16
VisualStudioVersion = 16.0.29709.97
MinimumVisualStudioVersion = 10.0.40219.1
Project("{888888A0-9F3D-457C-B088-3A5042F75D52}") = "CrTool", "CrTool\CrTool.pyproj", "{C2ACF083-A071-4569-8FD2-373F5CC08F32}"
EndProject
Global
	GlobalSection(SolutionConfigurationPlatforms) = preSolution
		Debug|Any CPU = Debug|Any CPU
		Release|Any CPU = Release|Any CPU
	EndGlobalSection
	GlobalSection(ProjectConfigurationPlatforms) = postSolution
		{C2ACF083-A071-4569-8FD2-373F5CC08F32}.Debug|Any CPU.ActiveCfg = Debug|Any CPU
		{C2ACF083-A071-4569-8FD2-373F5CC08F32}.Release|Any CPU.ActiveCfg = Release|Any CPU
	EndGlobalSection
	GlobalSection(SolutionProperties) = preSolution
		HideSolutionNode = FALSE
	EndGlobalSection
	GlobalSection(ExtensibilityGlobals) = postSolution
		SolutionGuid = {6870C477-F260-4E2B-9357-6E319039EFE2}
	EndGlobalSection
EndGlobal
